
Microsoft Visual Studio Solution File, Format Version 12.00
# Visual Studio 2012
Project("{FAE04EC0-301F-11D3-BF4B-00C04F79EFBC}") = "analysisTag", "analysisTag\analysisTag.csproj", "{3E94ABCB-A53C-41B7-8CBC-F7A3124EB4A4}"
EndProject
Global
	GlobalSection(SolutionConfigurationPlatforms) = preSolution
		Debug|Any CPU = Debug|Any CPU
		Release|Any CPU = Release|Any CPU
	EndGlobalSection
	GlobalSection(ProjectConfigurationPlatforms) = postSolution
		{3E94ABCB-A53C-41B7-8CBC-F7A3124EB4A4}.Debug|Any CPU.ActiveCfg = Debug|Any CPU
		{3E94ABCB-A53C-41B7-8CBC-F7A3124EB4A4}.Debug|Any CPU.Build.0 = Debug|Any CPU
		{3E94ABCB-A53C-41B7-8CBC-F7A3124EB4A4}.Release|Any CPU.ActiveCfg = Release|Any CPU
		{3E94ABCB-A53C-41B7-8CBC-F7A3124EB4A4}.Release|Any CPU.Build.0 = Release|Any CPU
	EndGlobalSection
	GlobalSection(SolutionProperties) = preSolution
		HideSolutionNode = FALSE
	EndGlobalSection
EndGlobal
